{"SurveyEntry":{"SurveyID":"SV_bEiQj3rXzpyHQ5o","SurveyName":"MIST-8 (2021)","SurveyDescription":null,"SurveyOwnerID":"UR_equ4uitha0Bql3D","SurveyBrandID":"cambridge","DivisionID":null,"SurveyLanguage":"EN-GB","SurveyActiveResponseSet":"RS_77hjt0T8zbZRsRU","SurveyStatus":"Active","SurveyStartDate":"0000-00-00 00:00:00","SurveyExpirationDate":"0000-00-00 00:00:00","SurveyCreationDate":"2021-07-01 10:15:29","CreatorID":"UR_equ4uitha0Bql3D","LastModified":"2021-10-06 03:45:02","LastAccessed":"0000-00-00 00:00:00","LastActivated":"2021-07-01 10:18:39","Deleted":null},"SurveyElements":[{"SurveyID":"SV_bEiQj3rXzpyHQ5o","Element":"BL","PrimaryAttribute":"Survey Blocks","SecondaryAttribute":null,"TertiaryAttribute":null,"Payload":{"1":{"Type":"Trash","Description":"Bin\/Unused Questions","ID":"BL_6xsALsda65Bhi05","BlockElements":[]},"2":{"Type":"Standard","Description":"MIST-8","ID":"BL_4ZtgaROLZnQm4Hb","BlockElements":[{"Type":"Question","QuestionID":"QID3"},{"Type":"Question","QuestionID":"QID2"}],"Options":{"BlockLocking":false,"RandomizeQuestions":"false","BlockVisibility":"Expanded"}}}},{"SurveyID":"SV_bEiQj3rXzpyHQ5o","Element":"FL","PrimaryAttribute":"Survey Flow","SecondaryAttribute":null,"TertiaryAttribute":null,"Payload":{"Type":"Root","FlowID":"FL_1","Flow":[{"Type":"Standard","ID":"BL_4ZtgaROLZnQm4Hb","FlowID":"FL_3","Autofill":[]}],"Properties":{"Count":3,"RemovedFieldsets":[]}}},{"SurveyID":"SV_bEiQj3rXzpyHQ5o","Element":"RS","PrimaryAttribute":"RS_77hjt0T8zbZRsRU","SecondaryAttribute":null,"TertiaryAttribute":null,"Payload":null},{"SurveyID":"SV_bEiQj3rXzpyHQ5o","Element":"SO","PrimaryAttribute":"Survey Options","SecondaryAttribute":null,"TertiaryAttribute":null,"Payload":{"BackButton":"false","SaveAndContinue":"true","SurveyProtection":"PublicSurvey","BallotBoxStuffingPrevention":"false","NoIndex":"Yes","SecureResponseFiles":"true","SurveyExpiration":"None","SurveyTermination":"DefaultMessage","Header":"","Footer":"","ProgressBarDisplay":"None","PartialData":"+1 week","ValidationMessage":"","PreviousButton":" \u2190 ","NextButton":" \u2192 ","SurveyTitle":"Online Survey Software | Qualtrics Survey Solutions","SkinLibrary":"cambridge","SkinType":"MQ","Skin":"skin2","NewScoring":1,"ProtectSelectionIds":true}},{"SurveyID":"SV_bEiQj3rXzpyHQ5o","Element":"SCO","PrimaryAttribute":"Scoring","SecondaryAttribute":null,"TertiaryAttribute":null,"Payload":{"ScoringCategories":[],"ScoringCategoryGroups":[],"ScoringSummaryCategory":null,"ScoringSummaryAfterQuestions":0,"ScoringSummaryAfterSurvey":0,"DefaultScoringCategory":null,"AutoScoringCategory":null}},{"SurveyID":"SV_bEiQj3rXzpyHQ5o","Element":"PROJ","PrimaryAttribute":"CORE","SecondaryAttribute":null,"TertiaryAttribute":"1.1.0","Payload":{"ProjectCategory":"CORE","SchemaVersion":"1.1.0"}},{"SurveyID":"SV_bEiQj3rXzpyHQ5o","Element":"STAT","PrimaryAttribute":"Survey Statistics","SecondaryAttribute":null,"TertiaryAttribute":null,"Payload":{"MobileCompatible":true,"ID":"Survey Statistics"}},{"SurveyID":"SV_bEiQj3rXzpyHQ5o","Element":"QC","PrimaryAttribute":"Survey Question Count","SecondaryAttribute":"3","TertiaryAttribute":null,"Payload":null},{"SurveyID":"SV_bEiQj3rXzpyHQ5o","Element":"SQ","PrimaryAttribute":"QID2","SecondaryAttribute":"Please categorise the following news headlines as either 'Fake News' or 'Real News'. \u00a0 Some items..","TertiaryAttribute":null,"Payload":{"QuestionText":"<div><strong>Please categorise the following news headlines as either &#39;Fake News&#39; or &#39;Real News&#39;.<\/strong><\/div>\n\n<div>&nbsp;<\/div>\n\n<div><em>Some items may look credible or obviously false at first sight, but may actually fall in the opposite category. However, for each news headline, only one category is correct.<\/em><\/div>\n\n<div>&nbsp;<\/div>","DefaultChoices":false,"QuestionType":"Matrix","Selector":"Likert","SubSelector":"SingleAnswer","DataVisibility":{"Private":false,"Hidden":false},"Configuration":{"QuestionDescriptionOption":"UseText","TextPosition":"inline","ChoiceColumnWidth":25,"MobileFirst":true,"ChoiceColumnWidthPixels":555,"WhiteSpace":"OFF","RepeatHeaders":"none"},"QuestionDescription":"Please categorise the following news headlines as either 'Fake News' or 'Real News'. \u00a0 Some items...","Choices":{"1":{"Display":"Government Officials Have Manipulated Stock Prices to Hide Scandals"},"3":{"Display":"New Study: Left-Wingers Are More Likely to Lie to Get a Higher Salary"},"6":{"Display":"Certain Vaccines Are Loaded with Dangerous Chemicals and Toxins"},"8":{"Display":"The Government Is Knowingly Spreading Disease Through the Airwaves and Food Supply"},"11":{"Display":"Attitudes Toward EU Are Largely Positive, Both Within Europe and Outside It"},"15":{"Display":"Hyatt Will Remove Small Bottles from Hotel Bathrooms by 2021"},"17":{"Display":"Republicans Divided in Views of Trump\u2019s Conduct, Democrats Are Broadly Critical"},"19":{"Display":"Global Warming Age Gap: Younger Americans Most Worried"}},"ChoiceOrder":[1,3,6,8,11,15,17,19],"Randomization":{"Advanced":null,"TotalRandSubset":"","Type":"All"},"AnswerRandomization":{"Advanced":null,"TotalRandSubset":"","Type":"All"},"Validation":{"Settings":{"ForceResponse":"ON","ForceResponseType":"ON","Type":"None"}},"GradingData":[{"AnswerID":"17","ChoiceID":1,"Grades":{"SC_b7NRkf8VKpxrCx7":1},"index":0},{"AnswerID":"18","ChoiceID":1,"Grades":{"SC_b7NRkf8VKpxrCx7":2},"index":1},{"AnswerID":"17","ChoiceID":3,"Grades":{"SC_b7NRkf8VKpxrCx7":1},"index":4},{"AnswerID":"18","ChoiceID":3,"Grades":{"SC_b7NRkf8VKpxrCx7":2},"index":5},{"AnswerID":"17","ChoiceID":6,"Grades":{"SC_b7NRkf8VKpxrCx7":1},"index":10},{"AnswerID":"18","ChoiceID":6,"Grades":{"SC_b7NRkf8VKpxrCx7":2},"index":11},{"AnswerID":"17","ChoiceID":8,"Grades":{"SC_b7NRkf8VKpxrCx7":1},"index":14},{"AnswerID":"18","ChoiceID":8,"Grades":{"SC_b7NRkf8VKpxrCx7":2},"index":15},{"AnswerID":"17","ChoiceID":11,"Grades":{"SC_b7NRkf8VKpxrCx7":1},"index":20},{"AnswerID":"18","ChoiceID":11,"Grades":{"SC_b7NRkf8VKpxrCx7":2},"index":21},{"AnswerID":"17","ChoiceID":15,"Grades":{"SC_b7NRkf8VKpxrCx7":1},"index":28},{"AnswerID":"18","ChoiceID":15,"Grades":{"SC_b7NRkf8VKpxrCx7":2},"index":29},{"AnswerID":"17","ChoiceID":17,"Grades":{"SC_b7NRkf8VKpxrCx7":1},"index":32},{"AnswerID":"18","ChoiceID":17,"Grades":{"SC_b7NRkf8VKpxrCx7":2},"index":33},{"AnswerID":"17","ChoiceID":19,"Grades":{"SC_b7NRkf8VKpxrCx7":1},"index":36},{"AnswerID":"18","ChoiceID":19,"Grades":{"SC_b7NRkf8VKpxrCx7":2},"index":37}],"Language":{"EN":{"Choices":{"1":{"Display":"Government Officials Have Manipulated Stock Prices to Hide Scandals"},"3":{"Display":"New Study: Left-Wingers Are More Likely to Lie to Get a Higher Salary"},"6":{"Display":"Certain Vaccines Are Loaded with Dangerous Chemicals and Toxins"},"8":{"Display":"The Government Is Knowingly Spreading Disease Through the Airwaves and Food Supply"},"11":{"Display":"Attitudes Toward EU Are Largely Positive, Both Within Europe and Outside It"},"15":{"Display":"Hyatt Will Remove Small Bottles from Hotel Bathrooms by 2021"},"19":{"Display":"Global Warming Age Gap: Younger Americans Most Worried"}}}},"NextChoiceId":21,"NextAnswerId":19,"Answers":{"17":{"Display":"Fake"},"18":{"Display":"Real"}},"AnswerOrder":["17","18"],"ChoiceDataExportTags":false,"QuestionText_Unsafe":"<div><strong>Please categorise the following news headlines as either 'Fake News' or 'Real News'.<\/strong><\/div>\n\n<div>&nbsp;<\/div>\n\n<div><em>Some items may look credible or obviously false at first sight, but may actually fall in the opposite category. However, for each news headline, only one category is correct.<\/em><\/div><div><em><br><\/em><\/div><strong><\/strong>","DataExportTag":"MIST8","QuestionID":"QID2"}},{"SurveyID":"SV_bEiQj3rXzpyHQ5o","Element":"SQ","PrimaryAttribute":"QID3","SecondaryAttribute":"Timing","TertiaryAttribute":null,"Payload":{"QuestionText":"Timing","DefaultChoices":false,"QuestionType":"Timing","Selector":"PageTimer","Configuration":{"QuestionDescriptionOption":"UseText","MinSeconds":"0","MaxSeconds":"0"},"QuestionDescription":"Timing","Choices":{"1":{"Display":"First Click"},"2":{"Display":"Last Click"},"3":{"Display":"Page Submit"},"4":{"Display":"Click Count"}},"GradingData":[],"Language":[],"NextChoiceId":52,"NextAnswerId":1,"DataVisibility":{"Private":false,"Hidden":false},"QuestionText_Unsafe":"Timing","DataExportTag":"Time","QuestionID":"QID3"}}]}