{"SurveyEntry":{"SurveyID":"SV_blOyW9VSyI2Fsge","SurveyName":"MIST-16","SurveyDescription":null,"SurveyOwnerID":"UR_equ4uitha0Bql3D","SurveyBrandID":"cambridge","DivisionID":null,"SurveyLanguage":"EN-GB","SurveyActiveResponseSet":"RS_3FezpWXsc7OdXqC","SurveyStatus":"Active","SurveyStartDate":"0000-00-00 00:00:00","SurveyExpirationDate":"0000-00-00 00:00:00","SurveyCreationDate":"2022-12-16 10:41:11","CreatorID":"UR_equ4uitha0Bql3D","LastModified":"2022-12-16 10:48:10","LastAccessed":"0000-00-00 00:00:00","LastActivated":"2022-12-16 10:47:11","Deleted":null},"SurveyElements":[{"SurveyID":"SV_blOyW9VSyI2Fsge","Element":"BL","PrimaryAttribute":"Survey Blocks","SecondaryAttribute":null,"TertiaryAttribute":null,"Payload":{"1":{"Type":"Trash","Description":"Bin\/Unused Questions","ID":"BL_6xsALsda65Bhi05","BlockElements":[]},"2":{"Type":"Standard","Description":"MIST-16","ID":"BL_4ZtgaROLZnQm4Hb","BlockElements":[{"Type":"Question","QuestionID":"QID3"},{"Type":"Question","QuestionID":"QID2"}],"Options":{"BlockLocking":false,"RandomizeQuestions":"false","BlockVisibility":"Expanded"}}}},{"SurveyID":"SV_blOyW9VSyI2Fsge","Element":"FL","PrimaryAttribute":"Survey Flow","SecondaryAttribute":null,"TertiaryAttribute":null,"Payload":{"Type":"Root","FlowID":"FL_1","Flow":[{"Type":"Standard","ID":"BL_4ZtgaROLZnQm4Hb","FlowID":"FL_3","Autofill":[]}],"Properties":{"Count":3,"RemovedFieldsets":[]}}},{"SurveyID":"SV_blOyW9VSyI2Fsge","Element":"PL","PrimaryAttribute":"Preview Link","SecondaryAttribute":null,"TertiaryAttribute":null,"Payload":{"PreviewType":"Brand","PreviewID":"2a1dbbf6-0f73-4450-9741-e30a6a785e3a"}},{"SurveyID":"SV_blOyW9VSyI2Fsge","Element":"RS","PrimaryAttribute":"RS_3FezpWXsc7OdXqC","SecondaryAttribute":null,"TertiaryAttribute":null,"Payload":null},{"SurveyID":"SV_blOyW9VSyI2Fsge","Element":"SO","PrimaryAttribute":"Survey Options","SecondaryAttribute":null,"TertiaryAttribute":null,"Payload":{"BackButton":"false","SaveAndContinue":"true","SurveyProtection":"PublicSurvey","BallotBoxStuffingPrevention":"false","NoIndex":"Yes","SecureResponseFiles":"true","SurveyExpiration":"None","SurveyTermination":"DefaultMessage","Header":"","Footer":"","ProgressBarDisplay":"None","PartialData":"+1 week","ValidationMessage":"","PreviousButton":" \u2190 ","NextButton":" \u2192 ","SurveyTitle":"Online Survey Software | Qualtrics Survey Solutions","SkinLibrary":"cambridge","SkinType":"MQ","Skin":"skin2","NewScoring":1,"ProtectSelectionIds":true,"SurveyMetaDescription":"The most powerful, simple and trusted way to gather experience data. Start your journey to experience management and try a free account today.","SurveyName":"MIST-16"}},{"SurveyID":"SV_blOyW9VSyI2Fsge","Element":"SCO","PrimaryAttribute":"Scoring","SecondaryAttribute":null,"TertiaryAttribute":null,"Payload":{"ScoringCategories":[],"ScoringCategoryGroups":[],"ScoringSummaryCategory":null,"ScoringSummaryAfterQuestions":0,"ScoringSummaryAfterSurvey":0,"DefaultScoringCategory":null,"AutoScoringCategory":null}},{"SurveyID":"SV_blOyW9VSyI2Fsge","Element":"PROJ","PrimaryAttribute":"CORE","SecondaryAttribute":null,"TertiaryAttribute":"1.1.0","Payload":{"ProjectCategory":"CORE","SchemaVersion":"1.1.0"}},{"SurveyID":"SV_blOyW9VSyI2Fsge","Element":"STAT","PrimaryAttribute":"Survey Statistics","SecondaryAttribute":null,"TertiaryAttribute":null,"Payload":{"MobileCompatible":true,"ID":"Survey Statistics"}},{"SurveyID":"SV_blOyW9VSyI2Fsge","Element":"QC","PrimaryAttribute":"Survey Question Count","SecondaryAttribute":"3","TertiaryAttribute":null,"Payload":null},{"SurveyID":"SV_blOyW9VSyI2Fsge","Element":"SQ","PrimaryAttribute":"QID2","SecondaryAttribute":"Please categorise the following news headlines as either 'Fake News' or 'Real News'. \u00a0 Some items..","TertiaryAttribute":null,"Payload":{"QuestionText":"<div><strong>Please categorise the following news headlines as either &#39;Fake News&#39; or &#39;Real News&#39;.<\/strong><\/div>\n\n<div>&nbsp;<\/div>\n\n<div><em>Some items may look credible or obviously false at first sight, but may actually fall in the opposite category. However, for each news headline, only one category is correct.<\/em><\/div>\n\n<div>&nbsp;<\/div>","DefaultChoices":false,"QuestionType":"Matrix","Selector":"Likert","SubSelector":"SingleAnswer","DataVisibility":{"Private":false,"Hidden":false},"Configuration":{"QuestionDescriptionOption":"UseText","TextPosition":"inline","ChoiceColumnWidth":25,"MobileFirst":true,"ChoiceColumnWidthPixels":555,"WhiteSpace":"OFF","RepeatHeaders":"none"},"QuestionDescription":"Please categorise the following news headlines as either 'Fake News' or 'Real News'. \u00a0 Some items...","Choices":{"1":{"Display":"Morocco\u2019s King Appoints Committee Chief to Fight Poverty and Inequality"},"2":{"Display":"US Hispanic Population Reached New High in 2018, But Growth Has Slowed"},"3":{"Display":"Hyatt Will Remove Small Bottles from Hotel Bathrooms by 2021"},"4":{"Display":"Taiwan Seeks to Join Fight Against Global Warming"},"5":{"Display":"About a Quarter of Large US Newspapers Laid off Staff in 2018"},"6":{"Display":"Majority in US Still Want Abortion Legal, with Limits"},"7":{"Display":"Most Americans Say It\u2019s OK for Professional Athletes to Speak out Publicly about Politics"},"8":{"Display":"United Nations Gets Mostly Positive Marks from People Around the World"},"9":{"Display":"The Government Is Knowingly Spreading Disease Through the Airwaves and Food Supply"},"10":{"Display":"The Government Is Actively Destroying Evidence Related to the JFK Assassination"},"11":{"Display":"Government Officials Have Manipulated Stock Prices to Hide Scandals"},"12":{"Display":"A Small Group of People Control the World Economy by Manipulating the Price of Gold and Oil"},"13":{"Display":"The Government Is Conducting a Massive Cover-Up of Their Involvement in 9\/11"},"14":{"Display":"New Study: Left-Wingers Are More Likely to Lie to Get a Higher Salary"},"15":{"Display":"Climate Scientists' Work Is 'Unreliable', a 'Deceptive Method of Communication'"},"16":{"Display":"Left-Wingers Are More Likely to Lie to Get a Good Grade"}},"ChoiceOrder":[1,2,3,4,5,6,7,8,9,10,11,12,13,14,15,16],"Randomization":{"Advanced":null,"TotalRandSubset":"","Type":"All"},"AnswerRandomization":{"Advanced":null,"TotalRandSubset":"","Type":"All"},"Validation":{"Settings":{"ForceResponse":"ON","ForceResponseType":"ON","Type":"None"}},"GradingData":[{"AnswerID":"17","ChoiceID":1,"Grades":{"SC_b7NRkf8VKpxrCx7":1},"index":0},{"AnswerID":"18","ChoiceID":1,"Grades":{"SC_b7NRkf8VKpxrCx7":2},"index":1},{"AnswerID":"17","ChoiceID":2,"Grades":{"SC_b7NRkf8VKpxrCx7":1},"index":2},{"AnswerID":"18","ChoiceID":2,"Grades":{"SC_b7NRkf8VKpxrCx7":2},"index":3},{"AnswerID":"17","ChoiceID":3,"Grades":{"SC_b7NRkf8VKpxrCx7":1},"index":4},{"AnswerID":"18","ChoiceID":3,"Grades":{"SC_b7NRkf8VKpxrCx7":2},"index":5},{"AnswerID":"17","ChoiceID":4,"Grades":{"SC_b7NRkf8VKpxrCx7":1},"index":6},{"AnswerID":"18","ChoiceID":4,"Grades":{"SC_b7NRkf8VKpxrCx7":2},"index":7},{"AnswerID":"17","ChoiceID":5,"Grades":{"SC_b7NRkf8VKpxrCx7":1},"index":8},{"AnswerID":"18","ChoiceID":5,"Grades":{"SC_b7NRkf8VKpxrCx7":2},"index":9},{"AnswerID":"17","ChoiceID":6,"Grades":{"SC_b7NRkf8VKpxrCx7":1},"index":10},{"AnswerID":"18","ChoiceID":6,"Grades":{"SC_b7NRkf8VKpxrCx7":2},"index":11},{"AnswerID":"17","ChoiceID":7,"Grades":{"SC_b7NRkf8VKpxrCx7":1},"index":12},{"AnswerID":"18","ChoiceID":7,"Grades":{"SC_b7NRkf8VKpxrCx7":2},"index":13},{"AnswerID":"17","ChoiceID":8,"Grades":{"SC_b7NRkf8VKpxrCx7":1},"index":14},{"AnswerID":"18","ChoiceID":8,"Grades":{"SC_b7NRkf8VKpxrCx7":2},"index":15},{"AnswerID":"17","ChoiceID":9,"Grades":{"SC_b7NRkf8VKpxrCx7":1},"index":16},{"AnswerID":"18","ChoiceID":9,"Grades":{"SC_b7NRkf8VKpxrCx7":2},"index":17},{"AnswerID":"17","ChoiceID":10,"Grades":{"SC_b7NRkf8VKpxrCx7":1},"index":18},{"AnswerID":"18","ChoiceID":10,"Grades":{"SC_b7NRkf8VKpxrCx7":2},"index":19},{"AnswerID":"17","ChoiceID":11,"Grades":{"SC_b7NRkf8VKpxrCx7":1},"index":20},{"AnswerID":"18","ChoiceID":11,"Grades":{"SC_b7NRkf8VKpxrCx7":2},"index":21},{"AnswerID":"17","ChoiceID":12,"Grades":{"SC_b7NRkf8VKpxrCx7":1},"index":22},{"AnswerID":"18","ChoiceID":12,"Grades":{"SC_b7NRkf8VKpxrCx7":2},"index":23},{"AnswerID":"17","ChoiceID":13,"Grades":{"SC_b7NRkf8VKpxrCx7":1},"index":24},{"AnswerID":"18","ChoiceID":13,"Grades":{"SC_b7NRkf8VKpxrCx7":2},"index":25},{"AnswerID":"17","ChoiceID":14,"Grades":{"SC_b7NRkf8VKpxrCx7":1},"index":26},{"AnswerID":"18","ChoiceID":14,"Grades":{"SC_b7NRkf8VKpxrCx7":2},"index":27},{"AnswerID":"17","ChoiceID":15,"Grades":{"SC_b7NRkf8VKpxrCx7":1},"index":28},{"AnswerID":"18","ChoiceID":15,"Grades":{"SC_b7NRkf8VKpxrCx7":2},"index":29},{"AnswerID":"17","ChoiceID":16,"Grades":{"SC_b7NRkf8VKpxrCx7":1},"index":30},{"AnswerID":"18","ChoiceID":16,"Grades":{"SC_b7NRkf8VKpxrCx7":2},"index":31}],"Language":{"EN":[]},"NextChoiceId":22,"NextAnswerId":19,"Answers":{"17":{"Display":"Fake"},"18":{"Display":"Real"}},"AnswerOrder":["17","18"],"ChoiceDataExportTags":false,"QuestionText_Unsafe":"<div><strong>Please categorise the following news headlines as either 'Fake News' or 'Real News'.<\/strong><\/div>\n\n<div>&nbsp;<\/div>\n\n<div><em>Some items may look credible or obviously false at first sight, but may actually fall in the opposite category. However, for each news headline, only one category is correct.<\/em><\/div><div><em><br><\/em><\/div><strong><\/strong>","DataExportTag":"MIST","QuestionID":"QID2"}},{"SurveyID":"SV_blOyW9VSyI2Fsge","Element":"SQ","PrimaryAttribute":"QID3","SecondaryAttribute":"Timing","TertiaryAttribute":null,"Payload":{"QuestionText":"Timing","DefaultChoices":false,"QuestionType":"Timing","Selector":"PageTimer","Configuration":{"QuestionDescriptionOption":"UseText","MinSeconds":"0","MaxSeconds":"0"},"QuestionDescription":"Timing","Choices":{"1":{"Display":"First Click"},"2":{"Display":"Last Click"},"3":{"Display":"Page Submit"},"4":{"Display":"Click Count"}},"GradingData":[],"Language":[],"NextChoiceId":52,"NextAnswerId":1,"DataVisibility":{"Private":false,"Hidden":false},"QuestionText_Unsafe":"Timing","DataExportTag":"Time","QuestionID":"QID3"}}]}